
Microsoft Visual Studio Solution File, Format Version 12.00
# Visual Studio Version 17
VisualStudioVersion = 17.0.31903.59
MinimumVisualStudioVersion = 10.0.40219.1
Project("{FAE04EC0-301F-11D3-BF4B-00C04F79EFBC}") = "PullSight.Api", "PullSight.Api.csproj", "{EB2CB1B2-B88F-4E69-9036-E6DEEE75FC91}"
EndProject
Project("{FAE04EC0-301F-11D3-BF4B-00C04F79EFBC}") = "PullSight.Api.Tests", "PullSight.Api.Tests\PullSight.Api.Tests.csproj", "{504617E2-55E6-4FFF-AA8A-18E720439E2A}"
EndProject
Global
	GlobalSection(SolutionConfigurationPlatforms) = preSolution
		Debug|Any CPU = Debug|Any CPU
		Release|Any CPU = Release|Any CPU
	EndGlobalSection
	GlobalSection(SolutionProperties) = preSolution
		HideSolutionNode = FALSE
	EndGlobalSection
	GlobalSection(ProjectConfigurationPlatforms) = postSolution
		{EB2CB1B2-B88F-4E69-9036-E6DEEE75FC91}.Debug|Any CPU.ActiveCfg = Debug|Any CPU
		{EB2CB1B2-B88F-4E69-9036-E6DEEE75FC91}.Debug|Any CPU.Build.0 = Debug|Any CPU
		{EB2CB1B2-B88F-4E69-9036-E6DEEE75FC91}.Release|Any CPU.ActiveCfg = Release|Any CPU
		{EB2CB1B2-B88F-4E69-9036-E6DEEE75FC91}.Release|Any CPU.Build.0 = Release|Any CPU
		{504617E2-55E6-4FFF-AA8A-18E720439E2A}.Debug|Any CPU.ActiveCfg = Debug|Any CPU
		{504617E2-55E6-4FFF-AA8A-18E720439E2A}.Debug|Any CPU.Build.0 = Debug|Any CPU
		{504617E2-55E6-4FFF-AA8A-18E720439E2A}.Release|Any CPU.ActiveCfg = Release|Any CPU
		{504617E2-55E6-4FFF-AA8A-18E720439E2A}.Release|Any CPU.Build.0 = Release|Any CPU
	EndGlobalSection
EndGlobal
